
Microsoft Visual Studio Solution File, Format Version 12.00
# Visual Studio Version 17
VisualStudioVersion = 17.9.34607.119
MinimumVisualStudioVersion = 10.0.40219.1
Project("{FAE04EC0-301F-11D3-BF4B-00C04F79EFBC}") = "CRUD Application", "CRUD Application\CRUD Application.csproj", "{E792C9E4-4F9D-43B0-B197-F649AF023227}"
EndProject
Global
	GlobalSection(SolutionConfigurationPlatforms) = preSolution
		Debug|Any CPU = Debug|Any CPU
		Release|Any CPU = Release|Any CPU
	EndGlobalSection
	GlobalSection(ProjectConfigurationPlatforms) = postSolution
		{E792C9E4-4F9D-43B0-B197-F649AF023227}.Debug|Any CPU.ActiveCfg = Debug|Any CPU
		{E792C9E4-4F9D-43B0-B197-F649AF023227}.Debug|Any CPU.Build.0 = Debug|Any CPU
		{E792C9E4-4F9D-43B0-B197-F649AF023227}.Release|Any CPU.ActiveCfg = Release|Any CPU
		{E792C9E4-4F9D-43B0-B197-F649AF023227}.Release|Any CPU.Build.0 = Release|Any CPU
	EndGlobalSection
	GlobalSection(SolutionProperties) = preSolution
		HideSolutionNode = FALSE
	EndGlobalSection
	GlobalSection(ExtensibilityGlobals) = postSolution
		SolutionGuid = {9CED8458-9E88-4F10-A4B4-401C80FC73AD}
	EndGlobalSection
EndGlobal
